{
  "originHash" : "ed745859d057cf112a0876714c550c0663ccd201a6f60277851cfa5778f46d72",
  "pins" : [
    {
      "identity" : "libghostty-spm",
      "kind" : "remoteSourceControl",
      "location" : "https://github.com/ddrscott/libghostty-spm.git",
      "state" : {
        "revision" : "d936272ceebc7c93d89cf0de92b27dcccab8d360",
        "version" : "1.6.20260909-maxpane.1"
      }
    },
    {
      "identity" : "msdisplaylink",
      "kind" : "remoteSourceControl",
      "location" : "https://github.com/Lakr233/MSDisplayLink.git",
      "state" : {
        "revision" : "87eb0af130744c8cbe2e31b6e1a5bcd659f1c220",
        "version" : "2.2.0"
      }
    }
  ],
  "version" : 3
}
